
Microsoft Visual Studio Solution File, Format Version 12.00
# Visual Studio Version 17
VisualStudioVersion = 17.5.33530.505
MinimumVisualStudioVersion = 10.0.40219.1
Project("{FAE04EC0-301F-11D3-BF4B-00C04F79EFBC}") = "TaskManagementSystem", "TaskManagementSystem.csproj", "{C99FA10A-4540-4B7A-B6B5-C2653935A19B}"
EndProject
Global
	GlobalSection(SolutionConfigurationPlatforms) = preSolution
		Debug|Any CPU = Debug|Any CPU
		Release|Any CPU = Release|Any CPU
	EndGlobalSection
	GlobalSection(ProjectConfigurationPlatforms) = postSolution
		{C99FA10A-4540-4B7A-B6B5-C2653935A19B}.Debug|Any CPU.ActiveCfg = Debug|Any CPU
		{C99FA10A-4540-4B7A-B6B5-C2653935A19B}.Debug|Any CPU.Build.0 = Debug|Any CPU
		{C99FA10A-4540-4B7A-B6B5-C2653935A19B}.Release|Any CPU.ActiveCfg = Release|Any CPU
		{C99FA10A-4540-4B7A-B6B5-C2653935A19B}.Release|Any CPU.Build.0 = Release|Any CPU
	EndGlobalSection
	GlobalSection(SolutionProperties) = preSolution
		HideSolutionNode = FALSE
	EndGlobalSection
	GlobalSection(ExtensibilityGlobals) = postSolution
		SolutionGuid = {BFAD36C8-91CE-4985-9C97-E91A00FAA087}
	EndGlobalSection
EndGlobal
